Microsoft Visual Studio Solution File, Format Version 12.00
# Visual Studio Express 2013 for Windows Desktop
VisualStudioVersion = 12.0.30501.0
MinimumVisualStudioVersion = 10.0.40219.1
Project("{8BC9CEB8-8B4A-11D0-8D11-00A0C91BC942}") = "NonMetricSpaceLib", "src\NonMetricSpaceLib.vcxproj", "{08B5B5CC-2938-4C1C-B835-A3868076D791}"
EndProject
Project("{8BC9CEB8-8B4A-11D0-8D11-00A0C91BC942}") = "bunit", "test\bunit.vcxproj", "{111510A1-E568-49D8-8EFE-196F5053EA0C}"
	ProjectSection(ProjectDependencies) = postProject
		{08B5B5CC-2938-4C1C-B835-A3868076D791} = {08B5B5CC-2938-4C1C-B835-A3868076D791}
	EndProjectSection
EndProject
Project("{8BC9CEB8-8B4A-11D0-8D11-00A0C91BC942}") = "bench_distfunc", "test\bench_distfunc.vcxproj", "{3244B2CA-B3D3-41BC-BD55-D3C937D7D00B}"
	ProjectSection(ProjectDependencies) = postProject
		{08B5B5CC-2938-4C1C-B835-A3868076D791} = {08B5B5CC-2938-4C1C-B835-A3868076D791}
	EndProjectSection
EndProject
Project("{8BC9CEB8-8B4A-11D0-8D11-00A0C91BC942}") = "test_integr", "test\test_integr.vcxproj", "{B078DA10-B28A-4CB8-B07E-61E93B100B1F}"
	ProjectSection(ProjectDependencies) = postProject
		{08B5B5CC-2938-4C1C-B835-A3868076D791} = {08B5B5CC-2938-4C1C-B835-A3868076D791}
	EndProjectSection
EndProject
Project("{8BC9CEB8-8B4A-11D0-8D11-00A0C91BC942}") = "dummy_app", "src\dummy_app.vcxproj", "{46643623-A4FA-4185-8DB2-61D4FAAF6A53}"
	ProjectSection(ProjectDependencies) = postProject
		{08B5B5CC-2938-4C1C-B835-A3868076D791} = {08B5B5CC-2938-4C1C-B835-A3868076D791}
	EndProjectSection
EndProject
Project("{8BC9CEB8-8B4A-11D0-8D11-00A0C91BC942}") = "experiment", "src\experiment.vcxproj", "{0C7221CD-0703-4299-A779-1E45E26FA47F}"
	ProjectSection(ProjectDependencies) = postProject
		{08B5B5CC-2938-4C1C-B835-A3868076D791} = {08B5B5CC-2938-4C1C-B835-A3868076D791}
	EndProjectSection
EndProject
Project("{8BC9CEB8-8B4A-11D0-8D11-00A0C91BC942}") = "tune_vptree", "src\tune_vptree.vcxproj", "{509D6427-87B7-40B5-82AC-40503FD213D8}"
	ProjectSection(ProjectDependencies) = postProject
		{08B5B5CC-2938-4C1C-B835-A3868076D791} = {08B5B5CC-2938-4C1C-B835-A3868076D791}
	EndProjectSection
EndProject
Project("{8BC9CEB8-8B4A-11D0-8D11-00A0C91BC942}") = "sample_standalone_app1", "..\sample_standalone_app\sample_standalone_app1.vcxproj", "{8B905A2B-88BF-4353-8BFD-167CA434D9C8}"
	ProjectSection(ProjectDependencies) = postProject
		{08B5B5CC-2938-4C1C-B835-A3868076D791} = {08B5B5CC-2938-4C1C-B835-A3868076D791}
	EndProjectSection
EndProject
Project("{8BC9CEB8-8B4A-11D0-8D11-00A0C91BC942}") = "sample_standalone_app2", "..\sample_standalone_app\sample_standalone_app2.vcxproj", "{DC891FA8-20ED-4CFC-A146-390DC655F681}"
	ProjectSection(ProjectDependencies) = postProject
		{08B5B5CC-2938-4C1C-B835-A3868076D791} = {08B5B5CC-2938-4C1C-B835-A3868076D791}
	EndProjectSection
EndProject
Global
	GlobalSection(SolutionConfigurationPlatforms) = preSolution
		Debug|x64 = Debug|x64
		Release|x64 = Release|x64
		RelWithDebInfo|x64 = RelWithDebInfo|x64
	EndGlobalSection
	GlobalSection(ProjectConfigurationPlatforms) = postSolution
		{08B5B5CC-2938-4C1C-B835-A3868076D791}.Debug|x64.ActiveCfg = Debug|x64
		{08B5B5CC-2938-4C1C-B835-A3868076D791}.Debug|x64.Build.0 = Debug|x64
		{08B5B5CC-2938-4C1C-B835-A3868076D791}.Release|x64.ActiveCfg = Release|x64
		{08B5B5CC-2938-4C1C-B835-A3868076D791}.Release|x64.Build.0 = Release|x64
		{08B5B5CC-2938-4C1C-B835-A3868076D791}.RelWithDebInfo|x64.ActiveCfg = RelWithDebInfo|x64
		{08B5B5CC-2938-4C1C-B835-A3868076D791}.RelWithDebInfo|x64.Build.0 = RelWithDebInfo|x64
		{111510A1-E568-49D8-8EFE-196F5053EA0C}.Debug|x64.ActiveCfg = Debug|x64
		{111510A1-E568-49D8-8EFE-196F5053EA0C}.Debug|x64.Build.0 = Debug|x64
		{111510A1-E568-49D8-8EFE-196F5053EA0C}.Release|x64.ActiveCfg = Release|x64
		{111510A1-E568-49D8-8EFE-196F5053EA0C}.Release|x64.Build.0 = Release|x64
		{111510A1-E568-49D8-8EFE-196F5053EA0C}.RelWithDebInfo|x64.ActiveCfg = RelWithDebInfo|x64
		{111510A1-E568-49D8-8EFE-196F5053EA0C}.RelWithDebInfo|x64.Build.0 = RelWithDebInfo|x64
		{3244B2CA-B3D3-41BC-BD55-D3C937D7D00B}.Debug|x64.ActiveCfg = Debug|x64
		{3244B2CA-B3D3-41BC-BD55-D3C937D7D00B}.Debug|x64.Build.0 = Debug|x64
		{3244B2CA-B3D3-41BC-BD55-D3C937D7D00B}.Release|x64.ActiveCfg = Release|x64
		{3244B2CA-B3D3-41BC-BD55-D3C937D7D00B}.Release|x64.Build.0 = Release|x64
		{3244B2CA-B3D3-41BC-BD55-D3C937D7D00B}.RelWithDebInfo|x64.ActiveCfg = RelWithDebInfo|x64
		{3244B2CA-B3D3-41BC-BD55-D3C937D7D00B}.RelWithDebInfo|x64.Build.0 = RelWithDebInfo|x64
		{B078DA10-B28A-4CB8-B07E-61E93B100B1F}.Debug|x64.ActiveCfg = Debug|x64
		{B078DA10-B28A-4CB8-B07E-61E93B100B1F}.Debug|x64.Build.0 = Debug|x64
		{B078DA10-B28A-4CB8-B07E-61E93B100B1F}.Release|x64.ActiveCfg = Release|x64
		{B078DA10-B28A-4CB8-B07E-61E93B100B1F}.Release|x64.Build.0 = Release|x64
		{B078DA10-B28A-4CB8-B07E-61E93B100B1F}.RelWithDebInfo|x64.ActiveCfg = RelWithDebInfo|x64
		{B078DA10-B28A-4CB8-B07E-61E93B100B1F}.RelWithDebInfo|x64.Build.0 = RelWithDebInfo|x64
		{46643623-A4FA-4185-8DB2-61D4FAAF6A53}.Debug|x64.ActiveCfg = Debug|x64
		{46643623-A4FA-4185-8DB2-61D4FAAF6A53}.Debug|x64.Build.0 = Debug|x64
		{46643623-A4FA-4185-8DB2-61D4FAAF6A53}.Release|x64.ActiveCfg = Release|x64
		{46643623-A4FA-4185-8DB2-61D4FAAF6A53}.Release|x64.Build.0 = Release|x64
		{46643623-A4FA-4185-8DB2-61D4FAAF6A53}.RelWithDebInfo|x64.ActiveCfg = RelWithDebInfo|x64
		{46643623-A4FA-4185-8DB2-61D4FAAF6A53}.RelWithDebInfo|x64.Build.0 = RelWithDebInfo|x64
		{0C7221CD-0703-4299-A779-1E45E26FA47F}.Debug|x64.ActiveCfg = Debug|x64
		{0C7221CD-0703-4299-A779-1E45E26FA47F}.Debug|x64.Build.0 = Debug|x64
		{0C7221CD-0703-4299-A779-1E45E26FA47F}.Release|x64.ActiveCfg = Release|x64
		{0C7221CD-0703-4299-A779-1E45E26FA47F}.Release|x64.Build.0 = Release|x64
		{0C7221CD-0703-4299-A779-1E45E26FA47F}.RelWithDebInfo|x64.ActiveCfg = RelWithDebInfo|x64
		{0C7221CD-0703-4299-A779-1E45E26FA47F}.RelWithDebInfo|x64.Build.0 = RelWithDebInfo|x64
		{509D6427-87B7-40B5-82AC-40503FD213D8}.Debug|x64.ActiveCfg = Debug|x64
		{509D6427-87B7-40B5-82AC-40503FD213D8}.Debug|x64.Build.0 = Debug|x64
		{509D6427-87B7-40B5-82AC-40503FD213D8}.Release|x64.ActiveCfg = Release|x64
		{509D6427-87B7-40B5-82AC-40503FD213D8}.Release|x64.Build.0 = Release|x64
		{509D6427-87B7-40B5-82AC-40503FD213D8}.RelWithDebInfo|x64.ActiveCfg = RelWithDebInfo|x64
		{509D6427-87B7-40B5-82AC-40503FD213D8}.RelWithDebInfo|x64.Build.0 = RelWithDebInfo|x64
		{8B905A2B-88BF-4353-8BFD-167CA434D9C8}.Debug|x64.ActiveCfg = Debug|x64
		{8B905A2B-88BF-4353-8BFD-167CA434D9C8}.Debug|x64.Build.0 = Debug|x64
		{8B905A2B-88BF-4353-8BFD-167CA434D9C8}.Release|x64.ActiveCfg = Release|x64
		{8B905A2B-88BF-4353-8BFD-167CA434D9C8}.Release|x64.Build.0 = Release|x64
		{8B905A2B-88BF-4353-8BFD-167CA434D9C8}.RelWithDebInfo|x64.ActiveCfg = RelWithDebInfo|x64
		{8B905A2B-88BF-4353-8BFD-167CA434D9C8}.RelWithDebInfo|x64.Build.0 = RelWithDebInfo|x64
		{DC891FA8-20ED-4CFC-A146-390DC655F681}.Debug|x64.ActiveCfg = Debug|x64
		{DC891FA8-20ED-4CFC-A146-390DC655F681}.Debug|x64.Build.0 = Debug|x64
		{DC891FA8-20ED-4CFC-A146-390DC655F681}.Release|x64.ActiveCfg = Release|x64
		{DC891FA8-20ED-4CFC-A146-390DC655F681}.Release|x64.Build.0 = Release|x64
		{DC891FA8-20ED-4CFC-A146-390DC655F681}.RelWithDebInfo|x64.ActiveCfg = RelWithDebInfo|x64
		{DC891FA8-20ED-4CFC-A146-390DC655F681}.RelWithDebInfo|x64.Build.0 = RelWithDebInfo|x64
	EndGlobalSection
	GlobalSection(SolutionProperties) = preSolution
		HideSolutionNode = FALSE
	EndGlobalSection
EndGlobal
