<?xml version="1.0" encoding="utf-8"?>
<Project ToolsVersion="12.0" xmlns="http://schemas.microsoft.com/developer/msbuild/2003">
  <ItemGroup>
    <ClCompile Include="distcomp_bregman.cc">
      <Filter>Source Files</Filter>
    </ClCompile>
    <ClCompile Include="distcomp_js.cc">
      <Filter>Source Files</Filter>
    </ClCompile>
    <ClCompile Include="distcomp_lp.cc">
      <Filter>Source Files</Filter>
    </ClCompile>
    <ClCompile Include="distcomp_rankcorr.cc">
      <Filter>Source Files</Filter>
    </ClCompile>
    <ClCompile Include="distcomp_scalar.cc">
      <Filter>Source Files</Filter>
    </ClCompile>
    <ClCompile Include="experimentconf.cc">
      <Filter>Source Files</Filter>
    </ClCompile>
    <ClCompile Include="global.cc">
      <Filter>Source Files</Filter>
    </ClCompile>
    <ClCompile Include="init.cc">
      <Filter>Source Files</Filter>
    </ClCompile>
    <ClCompile Include="knnquery.cc">
      <Filter>Source Files</Filter>
    </ClCompile>
    <ClCompile Include="logging.cc">
      <Filter>Source Files</Filter>
    </ClCompile>
    <ClCompile Include="params.cc">
      <Filter>Source Files</Filter>
    </ClCompile>
    <ClCompile Include="query.cc">
      <Filter>Source Files</Filter>
    </ClCompile>
    <ClCompile Include="rangequery.cc">
      <Filter>Source Files</Filter>
    </ClCompile>
    <ClCompile Include="searchoracle.cc">
      <Filter>Source Files</Filter>
    </ClCompile>
    <ClCompile Include="utils.cc">
      <Filter>Source Files</Filter>
    </ClCompile>
    <ClCompile Include="space\space_bit_hamming.cc">
      <Filter>Source Files</Filter>
    </ClCompile>
    <ClCompile Include="space\space_bregman.cc">
      <Filter>Source Files</Filter>
    </ClCompile>
    <ClCompile Include="space\space_dummy.cc">
      <Filter>Source Files</Filter>
    </ClCompile>
    <ClCompile Include="space\space_js.cc">
      <Filter>Source Files</Filter>
    </ClCompile>
    <ClCompile Include="space\space_lp.cc">
      <Filter>Source Files</Filter>
    </ClCompile>
    <ClCompile Include="space\space_scalar.cc">
      <Filter>Source Files</Filter>
    </ClCompile>
    <ClCompile Include="space\space_sparse_lp.cc">
      <Filter>Source Files</Filter>
    </ClCompile>
    <ClCompile Include="space\space_sparse_scalar_fast.cc">
      <Filter>Source Files</Filter>
    </ClCompile>
    <ClCompile Include="space\space_sparse_vector.cc">
      <Filter>Source Files</Filter>
    </ClCompile>
    <ClCompile Include="space\space_sparse_vector_inter.cc">
      <Filter>Source Files</Filter>
    </ClCompile>
    <ClCompile Include="space\space_vector.cc">
      <Filter>Source Files</Filter>
    </ClCompile>
    <ClCompile Include="method\bbtree.cc">
      <Filter>Source Files</Filter>
    </ClCompile>
    <ClCompile Include="method\dummy.cc">
      <Filter>Source Files</Filter>
    </ClCompile>
    <ClCompile Include="method\ghtree.cc">
      <Filter>Source Files</Filter>
    </ClCompile>
    <ClCompile Include="method\list_clusters.cc">
      <Filter>Source Files</Filter>
    </ClCompile>
    <ClCompile Include="method\multi_index.cc">
      <Filter>Source Files</Filter>
    </ClCompile>
    <ClCompile Include="method\multi_vantage_point_tree.cc">
      <Filter>Source Files</Filter>
    </ClCompile>
    <ClCompile Include="method\permutation_index.cc">
      <Filter>Source Files</Filter>
    </ClCompile>
    <ClCompile Include="method\permutation_index_incremental.cc">
      <Filter>Source Files</Filter>
    </ClCompile>
    <ClCompile Include="method\permutation_inverted_index.cc">
      <Filter>Source Files</Filter>
    </ClCompile>
    <ClCompile Include="method\permutation_prefix_index.cc">
      <Filter>Source Files</Filter>
    </ClCompile>
    <ClCompile Include="method\permutation_vptree.cc">
      <Filter>Source Files</Filter>
    </ClCompile>
    <ClCompile Include="method\perm_bin_vptree.cc">
      <Filter>Source Files</Filter>
    </ClCompile>
    <ClCompile Include="method\perm_index_incr_bin.cc">
      <Filter>Source Files</Filter>
    </ClCompile>
    <ClCompile Include="method\pivot_neighb_invindx.cc">
      <Filter>Source Files</Filter>
    </ClCompile>
    <ClCompile Include="method\proj_vptree.cc">
      <Filter>Source Files</Filter>
    </ClCompile>
    <ClCompile Include="method\seqsearch.cc">
      <Filter>Source Files</Filter>
    </ClCompile>
    <ClCompile Include="method\small_world_rand.cc">
      <Filter>Source Files</Filter>
    </ClCompile>
    <ClCompile Include="method\spatial_approx_tree.cc">
      <Filter>Source Files</Filter>
    </ClCompile>
    <ClCompile Include="method\vptree.cc">
      <Filter>Source Files</Filter>
    </ClCompile>
  </ItemGroup>
  <ItemGroup>
    <ClInclude Include="..\include\distcomp.h">
      <Filter>Header Files</Filter>
    </ClInclude>
    <ClInclude Include="..\include\eval_results.h">
      <Filter>Header Files</Filter>
    </ClInclude>
    <ClInclude Include="..\include\experimentconf.h">
      <Filter>Header Files</Filter>
    </ClInclude>
    <ClInclude Include="..\include\experiments.h">
      <Filter>Header Files</Filter>
    </ClInclude>
    <ClInclude Include="..\include\global.h">
      <Filter>Header Files</Filter>
    </ClInclude>
    <ClInclude Include="..\include\incremental_quick_select.h">
      <Filter>Header Files</Filter>
    </ClInclude>
    <ClInclude Include="..\include\index.h">
      <Filter>Header Files</Filter>
    </ClInclude>
    <ClInclude Include="..\include\init.h">
      <Filter>Header Files</Filter>
    </ClInclude>
    <ClInclude Include="..\include\knnquery.h">
      <Filter>Header Files</Filter>
    </ClInclude>
    <ClInclude Include="..\include\knnqueue.h">
      <Filter>Header Files</Filter>
    </ClInclude>
    <ClInclude Include="..\include\logging.h">
      <Filter>Header Files</Filter>
    </ClInclude>
    <ClInclude Include="..\include\memory.h">
      <Filter>Header Files</Filter>
    </ClInclude>
    <ClInclude Include="..\include\meta_analysis.h">
      <Filter>Header Files</Filter>
    </ClInclude>
    <ClInclude Include="..\include\methodfactory.h">
      <Filter>Header Files</Filter>
    </ClInclude>
    <ClInclude Include="..\include\object.h">
      <Filter>Header Files</Filter>
    </ClInclude>
    <ClInclude Include="..\include\params.h">
      <Filter>Header Files</Filter>
    </ClInclude>
    <ClInclude Include="..\include\permutation_type.h">
      <Filter>Header Files</Filter>
    </ClInclude>
    <ClInclude Include="..\include\permutation_utils.h">
      <Filter>Header Files</Filter>
    </ClInclude>
    <ClInclude Include="..\include\pow.h">
      <Filter>Header Files</Filter>
    </ClInclude>
    <ClInclude Include="..\include\query.h">
      <Filter>Header Files</Filter>
    </ClInclude>
    <ClInclude Include="..\include\rangequery.h">
      <Filter>Header Files</Filter>
    </ClInclude>
    <ClInclude Include="..\include\searchoracle.h">
      <Filter>Header Files</Filter>
    </ClInclude>
    <ClInclude Include="..\include\simddebug.h">
      <Filter>Header Files</Filter>
    </ClInclude>
    <ClInclude Include="..\include\simdutils.h">
      <Filter>Header Files</Filter>
    </ClInclude>
    <ClInclude Include="..\include\space.h">
      <Filter>Header Files</Filter>
    </ClInclude>
    <ClInclude Include="..\include\spacefactory.h">
      <Filter>Header Files</Filter>
    </ClInclude>
    <ClInclude Include="..\include\utils.h">
      <Filter>Header Files</Filter>
    </ClInclude>
    <ClInclude Include="..\include\ztimer.h">
      <Filter>Header Files</Filter>
    </ClInclude>
    <ClInclude Include="..\include\method\bbtree.h">
      <Filter>Header Files</Filter>
    </ClInclude>
    <ClInclude Include="..\include\method\dummy.h">
      <Filter>Header Files</Filter>
    </ClInclude>
    <ClInclude Include="..\include\method\ghtree.h">
      <Filter>Header Files</Filter>
    </ClInclude>
    <ClInclude Include="..\include\method\lcstrategy.h">
      <Filter>Header Files</Filter>
    </ClInclude>
    <ClInclude Include="..\include\method\list_clusters.h">
      <Filter>Header Files</Filter>
    </ClInclude>
    <ClInclude Include="..\include\method\lsh.h">
      <Filter>Header Files</Filter>
    </ClInclude>
    <ClInclude Include="..\include\method\lsh_multiprobe.h">
      <Filter>Header Files</Filter>
    </ClInclude>
    <ClInclude Include="..\include\method\lsh_space.h">
      <Filter>Header Files</Filter>
    </ClInclude>
    <ClInclude Include="..\include\method\multi_index.h">
      <Filter>Header Files</Filter>
    </ClInclude>
    <ClInclude Include="..\include\method\multi_vantage_point_tree.h">
      <Filter>Header Files</Filter>
    </ClInclude>
    <ClInclude Include="..\include\method\multi_vantage_point_tree_utils.h">
      <Filter>Header Files</Filter>
    </ClInclude>
    <ClInclude Include="..\include\method\permutation_index.h">
      <Filter>Header Files</Filter>
    </ClInclude>
    <ClInclude Include="..\include\method\permutation_index_incremental.h">
      <Filter>Header Files</Filter>
    </ClInclude>
    <ClInclude Include="..\include\method\permutation_inverted_index.h">
      <Filter>Header Files</Filter>
    </ClInclude>
    <ClInclude Include="..\include\method\permutation_prefix_index.h">
      <Filter>Header Files</Filter>
    </ClInclude>
    <ClInclude Include="..\include\method\permutation_vptree.h">
      <Filter>Header Files</Filter>
    </ClInclude>
    <ClInclude Include="..\include\method\perm_bin_vptree.h">
      <Filter>Header Files</Filter>
    </ClInclude>
    <ClInclude Include="..\include\method\perm_index_incr_bin.h">
      <Filter>Header Files</Filter>
    </ClInclude>
    <ClInclude Include="..\include\method\pivot_neighb_invindx.h">
      <Filter>Header Files</Filter>
    </ClInclude>
    <ClInclude Include="..\include\method\proj_vptree.h">
      <Filter>Header Files</Filter>
    </ClInclude>
    <ClInclude Include="..\include\method\seqsearch.h">
      <Filter>Header Files</Filter>
    </ClInclude>
    <ClInclude Include="..\include\method\small_world_rand.h">
      <Filter>Header Files</Filter>
    </ClInclude>
    <ClInclude Include="..\include\method\spatial_approx_tree.h">
      <Filter>Header Files</Filter>
    </ClInclude>
    <ClInclude Include="..\include\method\vptree.h">
      <Filter>Header Files</Filter>
    </ClInclude>
    <ClInclude Include="..\include\method\vptree_utils.h">
      <Filter>Header Files</Filter>
    </ClInclude>
    <ClInclude Include="..\include\space\space_bit_hamming.h">
      <Filter>Header Files</Filter>
    </ClInclude>
    <ClInclude Include="..\include\space\space_bregman.h">
      <Filter>Header Files</Filter>
    </ClInclude>
    <ClInclude Include="..\include\space\space_dummy.h">
      <Filter>Header Files</Filter>
    </ClInclude>
    <ClInclude Include="..\include\space\space_js.h">
      <Filter>Header Files</Filter>
    </ClInclude>
    <ClInclude Include="..\include\space\space_lp.h">
      <Filter>Header Files</Filter>
    </ClInclude>
    <ClInclude Include="..\include\space\space_rank_correl.h">
      <Filter>Header Files</Filter>
    </ClInclude>
    <ClInclude Include="..\include\space\space_scalar.h">
      <Filter>Header Files</Filter>
    </ClInclude>
    <ClInclude Include="..\include\space\space_sparse_lp.h">
      <Filter>Header Files</Filter>
    </ClInclude>
    <ClInclude Include="..\include\space\space_sparse_scalar.h">
      <Filter>Header Files</Filter>
    </ClInclude>
    <ClInclude Include="..\include\space\space_sparse_scalar_fast.h">
      <Filter>Header Files</Filter>
    </ClInclude>
    <ClInclude Include="..\include\space\space_sparse_vector.h">
      <Filter>Header Files</Filter>
    </ClInclude>
    <ClInclude Include="..\include\space\space_sparse_vector_inter.h">
      <Filter>Header Files</Filter>
    </ClInclude>
    <ClInclude Include="..\include\space\space_vector.h">
      <Filter>Header Files</Filter>
    </ClInclude>
  </ItemGroup>
  <ItemGroup>
    <None Include="c:\local\boost_1_55_0.64" />
  </ItemGroup>
  <ItemGroup>
    <Filter Include="Source Files">
      <UniqueIdentifier>{3EF538C7-CC7F-4CC0-AA2E-461C0B950388}</UniqueIdentifier>
    </Filter>
    <Filter Include="Header Files">
      <UniqueIdentifier>{A0619B9B-3811-4489-B026-9AB33496A03D}</UniqueIdentifier>
    </Filter>
  </ItemGroup>
</Project>