<?xml version="1.0" encoding="utf-8"?>
<Project ToolsVersion="12.0" xmlns="http://schemas.microsoft.com/developer/msbuild/2003">
  <ItemGroup>
    <ClCompile Include="bunit.cc">
      <Filter>Source Files</Filter>
    </ClCompile>
    <ClCompile Include="test_distfunc.cc">
      <Filter>Source Files</Filter>
    </ClCompile>
    <ClCompile Include="test_editdist.cc">
      <Filter>Source Files</Filter>
    </ClCompile>
    <ClCompile Include="test_lpnorm.cc">
      <Filter>Source Files</Filter>
    </ClCompile>
    <ClCompile Include="test_timer.cc">
      <Filter>Source Files</Filter>
    </ClCompile>
    <ClCompile Include="test_object.cc">
      <Filter>Source Files</Filter>
    </ClCompile>
    <ClCompile Include="test_fp.cc">
      <Filter>Source Files</Filter>
    </ClCompile>
    <ClCompile Include="test_sqfd.cc">
      <Filter>Source Files</Filter>
    </ClCompile>
    <ClCompile Include="test_eval.cc">
      <Filter>Source Files</Filter>
    </ClCompile>
    <ClCompile Include="test_proj.cc">
      <Filter>Source Files</Filter>
    </ClCompile>
    <ClCompile Include="test_space_serial.cc">
      <Filter>Source Files</Filter>
    </ClCompile>
  </ItemGroup>
  <ItemGroup>
    <Filter Include="Source Files">
      <UniqueIdentifier>{3EF538C7-CC7F-4CC0-AA2E-461C0B950388}</UniqueIdentifier>
    </Filter>
  </ItemGroup>
  <ItemGroup>
    <ClInclude Include="testdataset.h">
      <Filter>Source Files</Filter>
    </ClInclude>
    <ClInclude Include="bunit.h">
      <Filter>Source Files</Filter>
    </ClInclude>
  </ItemGroup>
</Project>